
Microsoft Visual Studio Solution File, Format Version 12.00
# Visual Studio Version 17
VisualStudioVersion = 17.10.34928.147
MinimumVisualStudioVersion = 10.0.40219.1
Project("{FAE04EC0-301F-11D3-BF4B-00C04F79EFBC}") = "WebApplication1", "WebApplication1.csproj", "{0B562CFD-1BA4-4283-8970-EF0D504F9AB5}"
EndProject
Global
	GlobalSection(SolutionConfigurationPlatforms) = preSolution
		Debug|Any CPU = Debug|Any CPU
		Release|Any CPU = Release|Any CPU
	EndGlobalSection
	GlobalSection(ProjectConfigurationPlatforms) = postSolution
		{0B562CFD-1BA4-4283-8970-EF0D504F9AB5}.Debug|Any CPU.ActiveCfg = Debug|Any CPU
		{0B562CFD-1BA4-4283-8970-EF0D504F9AB5}.Debug|Any CPU.Build.0 = Debug|Any CPU
		{0B562CFD-1BA4-4283-8970-EF0D504F9AB5}.Release|Any CPU.ActiveCfg = Release|Any CPU
		{0B562CFD-1BA4-4283-8970-EF0D504F9AB5}.Release|Any CPU.Build.0 = Release|Any CPU
	EndGlobalSection
	GlobalSection(SolutionProperties) = preSolution
		HideSolutionNode = FALSE
	EndGlobalSection
	GlobalSection(ExtensibilityGlobals) = postSolution
		SolutionGuid = {CBA44BC5-7B97-4770-A4F3-09AC7058C45A}
	EndGlobalSection
EndGlobal
